
Microsoft Visual Studio Solution File, Format Version 12.00
# Visual Studio Version 17
VisualStudioVersion = 17.5.002.0
MinimumVisualStudioVersion = 10.0.40219.1
Project("{2150E333-8FDC-42A3-9474-1A3956D46DE8}") = "Lesson02", "Lesson02", "{0255BE31-0940-4455-AE07-3D7180968AA4}"
EndProject
Project("{9A19103F-16F7-4668-BE54-9A1E7A4F7556}") = "Task01", "Lesson02\Task01\Task01.csproj", "{860A837A-61E8-458D-AADE-40854457C007}"
EndProject
Project("{9A19103F-16F7-4668-BE54-9A1E7A4F7556}") = "Task02", "Lesson02\Task02\Task02.csproj", "{60887B89-AEE4-49E5-A8DC-61E278FF7626}"
EndProject
Project("{9A19103F-16F7-4668-BE54-9A1E7A4F7556}") = "Task03", "Lesson02\Task03\Task03.csproj", "{907CE0F0-0F19-4EF6-83AB-80835F963DC6}"
EndProject
Global
	GlobalSection(SolutionConfigurationPlatforms) = preSolution
		Debug|Any CPU = Debug|Any CPU
		Release|Any CPU = Release|Any CPU
	EndGlobalSection
	GlobalSection(ProjectConfigurationPlatforms) = postSolution
		{860A837A-61E8-458D-AADE-40854457C007}.Debug|Any CPU.ActiveCfg = Debug|Any CPU
		{860A837A-61E8-458D-AADE-40854457C007}.Debug|Any CPU.Build.0 = Debug|Any CPU
		{860A837A-61E8-458D-AADE-40854457C007}.Release|Any CPU.ActiveCfg = Release|Any CPU
		{860A837A-61E8-458D-AADE-40854457C007}.Release|Any CPU.Build.0 = Release|Any CPU
		{60887B89-AEE4-49E5-A8DC-61E278FF7626}.Debug|Any CPU.ActiveCfg = Debug|Any CPU
		{60887B89-AEE4-49E5-A8DC-61E278FF7626}.Debug|Any CPU.Build.0 = Debug|Any CPU
		{60887B89-AEE4-49E5-A8DC-61E278FF7626}.Release|Any CPU.ActiveCfg = Release|Any CPU
		{60887B89-AEE4-49E5-A8DC-61E278FF7626}.Release|Any CPU.Build.0 = Release|Any CPU
		{907CE0F0-0F19-4EF6-83AB-80835F963DC6}.Debug|Any CPU.ActiveCfg = Debug|Any CPU
		{907CE0F0-0F19-4EF6-83AB-80835F963DC6}.Debug|Any CPU.Build.0 = Debug|Any CPU
		{907CE0F0-0F19-4EF6-83AB-80835F963DC6}.Release|Any CPU.ActiveCfg = Release|Any CPU
		{907CE0F0-0F19-4EF6-83AB-80835F963DC6}.Release|Any CPU.Build.0 = Release|Any CPU
	EndGlobalSection
	GlobalSection(SolutionProperties) = preSolution
		HideSolutionNode = FALSE
	EndGlobalSection
	GlobalSection(NestedProjects) = preSolution
		{860A837A-61E8-458D-AADE-40854457C007} = {0255BE31-0940-4455-AE07-3D7180968AA4}
		{60887B89-AEE4-49E5-A8DC-61E278FF7626} = {0255BE31-0940-4455-AE07-3D7180968AA4}
		{907CE0F0-0F19-4EF6-83AB-80835F963DC6} = {0255BE31-0940-4455-AE07-3D7180968AA4}
	EndGlobalSection
	GlobalSection(ExtensibilityGlobals) = postSolution
		SolutionGuid = {5C1DD0E6-3DEC-4B55-8447-4962FB98CC5B}
	EndGlobalSection
EndGlobal
