
Microsoft Visual Studio Solution File, Format Version 12.00
# Visual Studio Version 17
VisualStudioVersion = 17.5.002.0
MinimumVisualStudioVersion = 10.0.40219.1
Project("{9A19103F-16F7-4668-BE54-9A1E7A4F7556}") = "Task03", "Task03.csproj", "{D91E612D-E670-4C64-8E46-7B83A29ED41B}"
EndProject
Global
	GlobalSection(SolutionConfigurationPlatforms) = preSolution
		Debug|Any CPU = Debug|Any CPU
		Release|Any CPU = Release|Any CPU
	EndGlobalSection
	GlobalSection(ProjectConfigurationPlatforms) = postSolution
		{D91E612D-E670-4C64-8E46-7B83A29ED41B}.Debug|Any CPU.ActiveCfg = Debug|Any CPU
		{D91E612D-E670-4C64-8E46-7B83A29ED41B}.Debug|Any CPU.Build.0 = Debug|Any CPU
		{D91E612D-E670-4C64-8E46-7B83A29ED41B}.Release|Any CPU.ActiveCfg = Release|Any CPU
		{D91E612D-E670-4C64-8E46-7B83A29ED41B}.Release|Any CPU.Build.0 = Release|Any CPU
	EndGlobalSection
	GlobalSection(SolutionProperties) = preSolution
		HideSolutionNode = FALSE
	EndGlobalSection
	GlobalSection(ExtensibilityGlobals) = postSolution
		SolutionGuid = {C87D6000-B4E5-4538-98BB-A2337925C559}
	EndGlobalSection
EndGlobal
